
Microsoft Visual Studio Solution File, Format Version 12.00
# Visual Studio Version 17
VisualStudioVersion = 17.9.34723.18
MinimumVisualStudioVersion = 10.0.40219.1
Project("{9A19103F-16F7-4668-BE54-9A1E7A4F7556}") = "Task1", "Task1\Task1.csproj", "{83393099-025A-48A3-AFD4-43F086CF2471}"
EndProject
Project("{9A19103F-16F7-4668-BE54-9A1E7A4F7556}") = "Task2", "Task2\Task2.csproj", "{5C61D8CC-E26D-4218-8FAD-FAFE16A076AD}"
EndProject
Project("{FAE04EC0-301F-11D3-BF4B-00C04F79EFBC}") = "Task3", "Task3\Task3.csproj", "{2463A515-0649-4791-BE24-B34383F2E2D7}"
EndProject
Project("{FAE04EC0-301F-11D3-BF4B-00C04F79EFBC}") = "Task4", "Task4\Task4.csproj", "{6BDCB8EB-A5AB-4DFC-BC8C-557DFFA0E491}"
EndProject
Global
	GlobalSection(SolutionConfigurationPlatforms) = preSolution
		Debug|Any CPU = Debug|Any CPU
		Release|Any CPU = Release|Any CPU
	EndGlobalSection
	GlobalSection(ProjectConfigurationPlatforms) = postSolution
		{83393099-025A-48A3-AFD4-43F086CF2471}.Debug|Any CPU.ActiveCfg = Debug|Any CPU
		{83393099-025A-48A3-AFD4-43F086CF2471}.Debug|Any CPU.Build.0 = Debug|Any CPU
		{83393099-025A-48A3-AFD4-43F086CF2471}.Release|Any CPU.ActiveCfg = Release|Any CPU
		{83393099-025A-48A3-AFD4-43F086CF2471}.Release|Any CPU.Build.0 = Release|Any CPU
		{5C61D8CC-E26D-4218-8FAD-FAFE16A076AD}.Debug|Any CPU.ActiveCfg = Debug|Any CPU
		{5C61D8CC-E26D-4218-8FAD-FAFE16A076AD}.Debug|Any CPU.Build.0 = Debug|Any CPU
		{5C61D8CC-E26D-4218-8FAD-FAFE16A076AD}.Release|Any CPU.ActiveCfg = Release|Any CPU
		{5C61D8CC-E26D-4218-8FAD-FAFE16A076AD}.Release|Any CPU.Build.0 = Release|Any CPU
		{2463A515-0649-4791-BE24-B34383F2E2D7}.Debug|Any CPU.ActiveCfg = Debug|Any CPU
		{2463A515-0649-4791-BE24-B34383F2E2D7}.Debug|Any CPU.Build.0 = Debug|Any CPU
		{2463A515-0649-4791-BE24-B34383F2E2D7}.Release|Any CPU.ActiveCfg = Release|Any CPU
		{2463A515-0649-4791-BE24-B34383F2E2D7}.Release|Any CPU.Build.0 = Release|Any CPU
		{6BDCB8EB-A5AB-4DFC-BC8C-557DFFA0E491}.Debug|Any CPU.ActiveCfg = Debug|Any CPU
		{6BDCB8EB-A5AB-4DFC-BC8C-557DFFA0E491}.Debug|Any CPU.Build.0 = Debug|Any CPU
		{6BDCB8EB-A5AB-4DFC-BC8C-557DFFA0E491}.Release|Any CPU.ActiveCfg = Release|Any CPU
		{6BDCB8EB-A5AB-4DFC-BC8C-557DFFA0E491}.Release|Any CPU.Build.0 = Release|Any CPU
	EndGlobalSection
	GlobalSection(SolutionProperties) = preSolution
		HideSolutionNode = FALSE
	EndGlobalSection
	GlobalSection(ExtensibilityGlobals) = postSolution
		SolutionGuid = {534528B0-4FC5-4694-A4E8-1EBB9DAEF2B9}
	EndGlobalSection
EndGlobal
